
Microsoft Visual Studio Solution File, Format Version 12.00
# Visual Studio 15
VisualStudioVersion = 15.0.27428.1
MinimumVisualStudioVersion = 10.0.40219.1
Project("{8BC9CEB8-8B4A-11D0-8D11-00A0C91BC942}") = "SDL2_Project(Particles)", "SDL2_Project(Particles)\SDL2_Project(Particles).vcxproj", "{B2CB3D57-C3C5-47CF-BE23-C193C2AECF0D}"
EndProject
Global
	GlobalSection(SolutionConfigurationPlatforms) = preSolution
		Debug|x64 = Debug|x64
		Debug|x86 = Debug|x86
		Release|x64 = Release|x64
		Release|x86 = Release|x86
	EndGlobalSection
	GlobalSection(ProjectConfigurationPlatforms) = postSolution
		{B2CB3D57-C3C5-47CF-BE23-C193C2AECF0D}.Debug|x64.ActiveCfg = Debug|x64
		{B2CB3D57-C3C5-47CF-BE23-C193C2AECF0D}.Debug|x64.Build.0 = Debug|x64
		{B2CB3D57-C3C5-47CF-BE23-C193C2AECF0D}.Debug|x86.ActiveCfg = Debug|Win32
		{B2CB3D57-C3C5-47CF-BE23-C193C2AECF0D}.Debug|x86.Build.0 = Debug|Win32
		{B2CB3D57-C3C5-47CF-BE23-C193C2AECF0D}.Release|x64.ActiveCfg = Release|x64
		{B2CB3D57-C3C5-47CF-BE23-C193C2AECF0D}.Release|x64.Build.0 = Release|x64
		{B2CB3D57-C3C5-47CF-BE23-C193C2AECF0D}.Release|x86.ActiveCfg = Release|Win32
		{B2CB3D57-C3C5-47CF-BE23-C193C2AECF0D}.Release|x86.Build.0 = Release|Win32
	EndGlobalSection
	GlobalSection(SolutionProperties) = preSolution
		HideSolutionNode = FALSE
	EndGlobalSection
	GlobalSection(ExtensibilityGlobals) = postSolution
		SolutionGuid = {9F43077B-1D56-47CC-9946-53B4EA11125B}
	EndGlobalSection
EndGlobal
